
Microsoft Visual Studio Solution File, Format Version 11.00
# Visual Studio 2010
Project("{8BC9CEB8-8B4A-11D0-8D11-00A0C91BC942}") = "E-Debug2.0", "E-Debug2.0\E-Debug2.0.vcxproj", "{22B28808-8365-42E9-B743-15512423D524}"
EndProject
Project("{8BC9CEB8-8B4A-11D0-8D11-00A0C91BC942}") = "CodeMake", "CodeMake\CodeMake.vcxproj", "{00498586-EE64-40F4-9FF7-5FBD3B025768}"
EndProject
Global
	GlobalSection(SolutionConfigurationPlatforms) = preSolution
		Debug|Win32 = Debug|Win32
		Release|Win32 = Release|Win32
	EndGlobalSection
	GlobalSection(ProjectConfigurationPlatforms) = postSolution
		{22B28808-8365-42E9-B743-15512423D524}.Debug|Win32.ActiveCfg = Debug|Win32
		{22B28808-8365-42E9-B743-15512423D524}.Debug|Win32.Build.0 = Debug|Win32
		{22B28808-8365-42E9-B743-15512423D524}.Release|Win32.ActiveCfg = Release|Win32
		{22B28808-8365-42E9-B743-15512423D524}.Release|Win32.Build.0 = Release|Win32
		{00498586-EE64-40F4-9FF7-5FBD3B025768}.Debug|Win32.ActiveCfg = Debug|Win32
		{00498586-EE64-40F4-9FF7-5FBD3B025768}.Debug|Win32.Build.0 = Debug|Win32
		{00498586-EE64-40F4-9FF7-5FBD3B025768}.Release|Win32.ActiveCfg = Release|Win32
		{00498586-EE64-40F4-9FF7-5FBD3B025768}.Release|Win32.Build.0 = Release|Win32
	EndGlobalSection
	GlobalSection(SolutionProperties) = preSolution
		HideSolutionNode = FALSE
	EndGlobalSection
EndGlobal
